
Microsoft Visual Studio Solution File, Format Version 12.00
# Visual Studio Version 17
VisualStudioVersion = 17.1.32421.90
MinimumVisualStudioVersion = 10.0.40219.1
Project("{FAE04EC0-301F-11D3-BF4B-00C04F79EFBC}") = "ProyectoFinal_Estruct", "ProyectoFinal_Estruct\ProyectoFinal_Estruct.csproj", "{A8ACFE05-6C1C-47FE-A856-65424657D2D8}"
EndProject
Global
	GlobalSection(SolutionConfigurationPlatforms) = preSolution
		Debug|Any CPU = Debug|Any CPU
		Release|Any CPU = Release|Any CPU
	EndGlobalSection
	GlobalSection(ProjectConfigurationPlatforms) = postSolution
		{A8ACFE05-6C1C-47FE-A856-65424657D2D8}.Debug|Any CPU.ActiveCfg = Debug|Any CPU
		{A8ACFE05-6C1C-47FE-A856-65424657D2D8}.Debug|Any CPU.Build.0 = Debug|Any CPU
		{A8ACFE05-6C1C-47FE-A856-65424657D2D8}.Release|Any CPU.ActiveCfg = Release|Any CPU
		{A8ACFE05-6C1C-47FE-A856-65424657D2D8}.Release|Any CPU.Build.0 = Release|Any CPU
	EndGlobalSection
	GlobalSection(SolutionProperties) = preSolution
		HideSolutionNode = FALSE
	EndGlobalSection
	GlobalSection(ExtensibilityGlobals) = postSolution
		SolutionGuid = {858E466B-E612-4620-A91E-6335B90012E7}
	EndGlobalSection
EndGlobal
